
Microsoft Visual Studio Solution File, Format Version 12.00
# Visual Studio Version 17
VisualStudioVersion = 17.4.33213.308
MinimumVisualStudioVersion = 10.0.40219.1
Project("{9A19103F-16F7-4668-BE54-9A1E7A4F7556}") = "LearningCenter", "LearningCenter\LearningCenter.csproj", "{4561E276-2C29-4F60-9170-D7C9F1A649E2}"
EndProject
Project("{2150E333-8FDC-42A3-9474-1A3956D46DE8}") = "API", "API", "{7241ED2F-CBF7-4084-9645-89BE0A49B118}"
EndProject
Project("{2150E333-8FDC-42A3-9474-1A3956D46DE8}") = "Core", "Core", "{D53EE598-A035-4983-B779-270639E0DD69}"
EndProject
Project("{2150E333-8FDC-42A3-9474-1A3956D46DE8}") = "Infrastructure", "Infrastructure", "{82DFC025-DD50-461C-A53A-16EAA10C0527}"
EndProject
Project("{9A19103F-16F7-4668-BE54-9A1E7A4F7556}") = "LearningCenter.Core.Builder", "LearningCenter.Core.Builder\LearningCenter.Core.Builder.csproj", "{6D147B4D-CC64-4B13-B6B9-E3FCB2539F24}"
EndProject
Project("{9A19103F-16F7-4668-BE54-9A1E7A4F7556}") = "LearningCenter.Core.Contract", "LearningCenter.Core.Contract\LearningCenter.Core.Contract.csproj", "{8AD384EE-5BC0-4ABA-B74C-6D6538A6DFF0}"
EndProject
Project("{9A19103F-16F7-4668-BE54-9A1E7A4F7556}") = "LearningCenter.Core.Domain", "LearningCenter.Core.Domain\LearningCenter.Core.Domain.csproj", "{491AED3D-8B7C-4D55-9E17-0BEF86513D69}"
EndProject
Project("{9A19103F-16F7-4668-BE54-9A1E7A4F7556}") = "LearningCenter.Core.Service", "LearningCenter.Core.Service\LearningCenter.Core.Service.csproj", "{349739B8-AED6-4805-91D8-862627D08946}"
EndProject
Project("{9A19103F-16F7-4668-BE54-9A1E7A4F7556}") = "LearningCenter.Infra.Contract", "LearningCenter.Infra.Contract\LearningCenter.Infra.Contract.csproj", "{D7057497-10E8-4365-83E5-C6F172279C98}"
EndProject
Project("{9A19103F-16F7-4668-BE54-9A1E7A4F7556}") = "LearningCenter.Infra.Domain", "LearningCenter.Infra.Domain\LearningCenter.Infra.Domain.csproj", "{D09A4873-10FC-493B-A70A-C9CCD800CE13}"
EndProject
Project("{9A19103F-16F7-4668-BE54-9A1E7A4F7556}") = "LearningCenter.Infra.Repository", "LearningCenter.Infra.Repesitory\LearningCenter.Infra.Repository.csproj", "{433FFDEA-2505-41B3-8B42-865F110A551E}"
EndProject
Global
	GlobalSection(SolutionConfigurationPlatforms) = preSolution
		Debug|Any CPU = Debug|Any CPU
		Release|Any CPU = Release|Any CPU
	EndGlobalSection
	GlobalSection(ProjectConfigurationPlatforms) = postSolution
		{4561E276-2C29-4F60-9170-D7C9F1A649E2}.Debug|Any CPU.ActiveCfg = Debug|Any CPU
		{4561E276-2C29-4F60-9170-D7C9F1A649E2}.Debug|Any CPU.Build.0 = Debug|Any CPU
		{4561E276-2C29-4F60-9170-D7C9F1A649E2}.Release|Any CPU.ActiveCfg = Release|Any CPU
		{4561E276-2C29-4F60-9170-D7C9F1A649E2}.Release|Any CPU.Build.0 = Release|Any CPU
		{6D147B4D-CC64-4B13-B6B9-E3FCB2539F24}.Debug|Any CPU.ActiveCfg = Debug|Any CPU
		{6D147B4D-CC64-4B13-B6B9-E3FCB2539F24}.Debug|Any CPU.Build.0 = Debug|Any CPU
		{6D147B4D-CC64-4B13-B6B9-E3FCB2539F24}.Release|Any CPU.ActiveCfg = Release|Any CPU
		{6D147B4D-CC64-4B13-B6B9-E3FCB2539F24}.Release|Any CPU.Build.0 = Release|Any CPU
		{8AD384EE-5BC0-4ABA-B74C-6D6538A6DFF0}.Debug|Any CPU.ActiveCfg = Debug|Any CPU
		{8AD384EE-5BC0-4ABA-B74C-6D6538A6DFF0}.Debug|Any CPU.Build.0 = Debug|Any CPU
		{8AD384EE-5BC0-4ABA-B74C-6D6538A6DFF0}.Release|Any CPU.ActiveCfg = Release|Any CPU
		{8AD384EE-5BC0-4ABA-B74C-6D6538A6DFF0}.Release|Any CPU.Build.0 = Release|Any CPU
		{491AED3D-8B7C-4D55-9E17-0BEF86513D69}.Debug|Any CPU.ActiveCfg = Debug|Any CPU
		{491AED3D-8B7C-4D55-9E17-0BEF86513D69}.Debug|Any CPU.Build.0 = Debug|Any CPU
		{491AED3D-8B7C-4D55-9E17-0BEF86513D69}.Release|Any CPU.ActiveCfg = Release|Any CPU
		{491AED3D-8B7C-4D55-9E17-0BEF86513D69}.Release|Any CPU.Build.0 = Release|Any CPU
		{349739B8-AED6-4805-91D8-862627D08946}.Debug|Any CPU.ActiveCfg = Debug|Any CPU
		{349739B8-AED6-4805-91D8-862627D08946}.Debug|Any CPU.Build.0 = Debug|Any CPU
		{349739B8-AED6-4805-91D8-862627D08946}.Release|Any CPU.ActiveCfg = Release|Any CPU
		{349739B8-AED6-4805-91D8-862627D08946}.Release|Any CPU.Build.0 = Release|Any CPU
		{D7057497-10E8-4365-83E5-C6F172279C98}.Debug|Any CPU.ActiveCfg = Debug|Any CPU
		{D7057497-10E8-4365-83E5-C6F172279C98}.Debug|Any CPU.Build.0 = Debug|Any CPU
		{D7057497-10E8-4365-83E5-C6F172279C98}.Release|Any CPU.ActiveCfg = Release|Any CPU
		{D7057497-10E8-4365-83E5-C6F172279C98}.Release|Any CPU.Build.0 = Release|Any CPU
		{D09A4873-10FC-493B-A70A-C9CCD800CE13}.Debug|Any CPU.ActiveCfg = Debug|Any CPU
		{D09A4873-10FC-493B-A70A-C9CCD800CE13}.Debug|Any CPU.Build.0 = Debug|Any CPU
		{D09A4873-10FC-493B-A70A-C9CCD800CE13}.Release|Any CPU.ActiveCfg = Release|Any CPU
		{D09A4873-10FC-493B-A70A-C9CCD800CE13}.Release|Any CPU.Build.0 = Release|Any CPU
		{433FFDEA-2505-41B3-8B42-865F110A551E}.Debug|Any CPU.ActiveCfg = Debug|Any CPU
		{433FFDEA-2505-41B3-8B42-865F110A551E}.Debug|Any CPU.Build.0 = Debug|Any CPU
		{433FFDEA-2505-41B3-8B42-865F110A551E}.Release|Any CPU.ActiveCfg = Release|Any CPU
		{433FFDEA-2505-41B3-8B42-865F110A551E}.Release|Any CPU.Build.0 = Release|Any CPU
	EndGlobalSection
	GlobalSection(SolutionProperties) = preSolution
		HideSolutionNode = FALSE
	EndGlobalSection
	GlobalSection(NestedProjects) = preSolution
		{4561E276-2C29-4F60-9170-D7C9F1A649E2} = {7241ED2F-CBF7-4084-9645-89BE0A49B118}
		{6D147B4D-CC64-4B13-B6B9-E3FCB2539F24} = {D53EE598-A035-4983-B779-270639E0DD69}
		{8AD384EE-5BC0-4ABA-B74C-6D6538A6DFF0} = {D53EE598-A035-4983-B779-270639E0DD69}
		{491AED3D-8B7C-4D55-9E17-0BEF86513D69} = {D53EE598-A035-4983-B779-270639E0DD69}
		{349739B8-AED6-4805-91D8-862627D08946} = {D53EE598-A035-4983-B779-270639E0DD69}
		{D7057497-10E8-4365-83E5-C6F172279C98} = {82DFC025-DD50-461C-A53A-16EAA10C0527}
		{D09A4873-10FC-493B-A70A-C9CCD800CE13} = {82DFC025-DD50-461C-A53A-16EAA10C0527}
		{433FFDEA-2505-41B3-8B42-865F110A551E} = {82DFC025-DD50-461C-A53A-16EAA10C0527}
	EndGlobalSection
	GlobalSection(ExtensibilityGlobals) = postSolution
		SolutionGuid = {36B28747-3EB0-4D3E-875F-5C2D79105AD9}
	EndGlobalSection
EndGlobal
